{
  "version": 1,
  "dependencies": {
    "net11.0": {
      "Microsoft.Extensions.Hosting": {
        "type": "Direct",
        "requested": "[9.*, )",
        "resolved": "9.0.16",
        "contentHash": "wUC+M53SEbM7Q94ZXn+QryyZTPMJrouqv8x+r8rCOqwVE2ixOgjVmdjDRdE3mCI+3rVC5DGElPxihjDQm5N4Ww==",
        "dependencies": {
          "Microsoft.Extensions.Configuration": "9.0.16",
          "Microsoft.Extensions.Configuration.Abstractions": "9.0.16",
          "Microsoft.Extensions.Configuration.Binder": "9.0.16",
          "Microsoft.Extensions.Configuration.CommandLine": "9.0.16",
          "Microsoft.Extensions.Configuration.EnvironmentVariables": "9.0.16",
          "Microsoft.Extensions.Configuration.FileExtensions": "9.0.16",
          "Microsoft.Extensions.Configuration.Json": "9.0.16",
          "Microsoft.Extensions.Configuration.UserSecrets": "9.0.16",
          "Microsoft.Extensions.DependencyInjection": "9.0.16",
          "Microsoft.Extensions.DependencyInjection.Abstractions": "9.0.16",
          "Microsoft.Extensions.Diagnostics": "9.0.16",
          "Microsoft.Extensions.FileProviders.Abstractions": "9.0.16",
          "Microsoft.Extensions.FileProviders.Physical": "9.0.16",
          "Microsoft.Extensions.Hosting.Abstractions": "9.0.16",
          "Microsoft.Extensions.Logging": "9.0.16",
          "Microsoft.Extensions.Logging.Abstractions": "9.0.16",
          "Microsoft.Extensions.Logging.Configuration": "9.0.16",
          "Microsoft.Extensions.Logging.Console": "9.0.16",
          "Microsoft.Extensions.Logging.Debug": "9.0.16",
          "Microsoft.Extensions.Logging.EventLog": "9.0.16",
          "Microsoft.Extensions.Logging.EventSource": "9.0.16",
          "Microsoft.Extensions.Options": "9.0.16"
        }
      },
      "MinVer": {
        "type": "Direct",
        "requested": "[7.*, )",
        "resolved": "7.0.0",
        "contentHash": "2lMTCQl5bGP4iv0JNkockPnyllC6eHLz+CoK2ICvalvHod+exXSxueu9hq+zNkU7bZBJf8wMfeRC/Edn8AGmEg=="
      },
      "ModelContextProtocol": {
        "type": "Direct",
        "requested": "[1.1.0, )",
        "resolved": "1.1.0",
        "contentHash": "dr7MeQocnOD9exXF2TIZc/80xp/wNVw3WpJZlz0X+ezMcOCXXkAwdMbpM5hohvnXw+KF29iaaYPJwUFbni+NCQ==",
        "dependencies": {
          "Microsoft.Extensions.Caching.Abstractions": "10.0.3",
          "Microsoft.Extensions.Hosting.Abstractions": "10.0.3",
          "ModelContextProtocol.Core": "1.1.0"
        }
      },
      "ScreenCapture.NET.DX11": {
        "type": "Direct",
        "requested": "[3.0.0, )",
        "resolved": "3.0.0",
        "contentHash": "j6YKn8Cd5PgHLMTSGPpmMoUiHRmggpQovaCwH7p/J7fMuAuG0RuvaLwEb0TfGfRv1LKxTzV8moTHzoehdDIdmw==",
        "dependencies": {
          "ScreenCapture.NET": "3.0.0",
          "Vortice.Direct3D11": "3.5.0"
        }
      },
      "ScreenRecorderLib": {
        "type": "Direct",
        "requested": "[6.6.0, )",
        "resolved": "6.6.0",
        "contentHash": "u4//jvO39tRXRNqg6/1Ky+KWPmxGdBsJOfp0A1tz6jnJosozzUSYPM0eu3LzeHwZYXeBMJBhVTRLJJBM6CVNng=="
      },
      "System.Drawing.Common": {
        "type": "Direct",
        "requested": "[10.0.5, )",
        "resolved": "10.0.5",
        "contentHash": "FYgPPbii/9Prh7RuY1gaxSyik7Ysw594K0uCHggDxHDgl7mfk8c4UlwluKjQoMquVGLce7Jld4DjjsnuYK3m7g==",
        "dependencies": {
          "Microsoft.Win32.SystemEvents": "10.0.5"
        }
      },
      "AssetsTools.NET": {
        "type": "Transitive",
        "resolved": "3.0.4",
        "contentHash": "NqYy5UIucwKwdkpamFTi8lr53hD+V8qQmbHzztQj1v4Pq1G4TjNlpkUWOhktTLBqBm4aPRaAkpFgB+3TDEuomw=="
      },
      "es6numberserializer": {
        "type": "Transitive",
        "resolved": "1.0.0",
        "contentHash": "+PtPayBof2su9cmSsw/PIGY5d4DfT1to6+EZXYqztxkcgWoiM6pWQGW6YEjT91W16AcpwvsR0RBRKuPwUZ3Nog=="
      },
      "HPPH": {
        "type": "Transitive",
        "resolved": "1.0.0",
        "contentHash": "XW4/RrnvolGGJm052bkutBPy1LlolW4rhMkmf2eXWaMGxCuTUfhAsewmgQPF7g50JSS7gu/n73rAUzcVW1vbfA=="
      },
      "jsoncanonicalizer": {
        "type": "Transitive",
        "resolved": "1.0.0",
        "contentHash": "NVJ+/qBOLe0BHyFIDx6v9zFC4TLgfnBpX0OIvqkBWoPjssNar3dBlTtaHy8XXQ0YEkgvYxpdL/U7zCARpJl2uQ==",
        "dependencies": {
          "es6numberserializer": "1.0.0"
        }
      },
      "Microsoft.Bcl.TimeProvider": {
        "type": "Transitive",
        "resolved": "8.0.0",
        "contentHash": "f5Kr5JepAbiGo7uDmhgvMqhntwxqXNn6/IpTBSSI4cuHhgnJGrLxFRhMjVpRkLPp6zJXO0/G0l3j9p9zSJxa+w=="
      },
      "Microsoft.Extensions.AI.Abstractions": {
        "type": "Transitive",
        "resolved": "10.3.0",
        "contentHash": "hDjDvUERvUH3HBMs2MDusOcGJBjAHOG5pJIU2x/HZEa4e1UthNKt89cwMi3B+ogJo6skki1XFjfgGN3ksnVqvQ=="
      },
      "Microsoft.Extensions.Caching.Abstractions": {
        "type": "Transitive",
        "resolved": "10.0.3",
        "contentHash": "5dtXBvI8t3z8pF4tB38JYgi/enCL/DwSXxpqShgFz3SHJ7IzqFIMs6Gu5ik8sNZzcO9qQs3xIDpB3vDamkYG+Q==",
        "dependencies": {
          "Microsoft.Extensions.Primitives": "10.0.3"
        }
      },
      "Microsoft.Extensions.Configuration": {
        "type": "Transitive",
        "resolved": "9.0.16",
        "contentHash": "QetFHhyFfoKjFeZCHl2gLrMFzTfMpy/F805+gYKnZjonG/QvHJNHiP1M8wlziHYqI8qsG/1B8gX6lAUivj202g==",
        "dependencies": {
          "Microsoft.Extensions.Configuration.Abstractions": "9.0.16",
          "Microsoft.Extensions.Primitives": "9.0.16"
        }
      },
      "Microsoft.Extensions.Configuration.Abstractions": {
        "type": "Transitive",
        "resolved": "10.0.3",
        "contentHash": "xVDHL0+SIgemfh95fTO9cGLe17TWv/ZP0n7m01z8X6pzt2DmQpucioWR/mYZA1sRlkWnkXzfl0JweLNWmE9WMg==",
        "dependencies": {
          "Microsoft.Extensions.Primitives": "10.0.3"
        }
      },
      "Microsoft.Extensions.Configuration.Binder": {
        "type": "Transitive",
        "resolved": "9.0.16",
        "contentHash": "TCDQP8lhJJ2tCINCrgwSzfTPVAHSemXj+awfkY1n6F1qxuojz0kQlUId/21qfN02cosyHHb0fQlJtaJyYn1VYw==",
        "dependencies": {
          "Microsoft.Extensions.Configuration.Abstractions": "9.0.16"
        }
      },
      "Microsoft.Extensions.Configuration.CommandLine": {
        "type": "Transitive",
        "resolved": "9.0.16",
        "contentHash": "TkgpOqiVnS+sr0qf91IuZqosRJ7+tWcUgYdUMovkgocvECFrXtUpouS2sCM3NgXPcxS2LlNrc7SYleDmwEX4zQ==",
        "dependencies": {
          "Microsoft.Extensions.Configuration": "9.0.16",
          "Microsoft.Extensions.Configuration.Abstractions": "9.0.16"
        }
      },
      "Microsoft.Extensions.Configuration.EnvironmentVariables": {
        "type": "Transitive",
        "resolved": "9.0.16",
        "contentHash": "cuZm5fbFVbe3ylEXV43IhJcsUZ0jhdh7Km9F0AMuYSyfjPNeJItzTlNxQdts4Y0LjfNl7cIFEEkJ13zJmXC8iA==",
        "dependencies": {
          "Microsoft.Extensions.Configuration": "9.0.16",
          "Microsoft.Extensions.Configuration.Abstractions": "9.0.16"
        }
      },
      "Microsoft.Extensions.Configuration.FileExtensions": {
        "type": "Transitive",
        "resolved": "9.0.16",
        "contentHash": "Pyk9/H+V7PSibfJgu0yEWi9wwunct5I1XMUNsvLyOH5aH5hJL07deJBY5Q+h9zatl+Uw6us+34c4az/x3Z0oRA==",
        "dependencies": {
          "Microsoft.Extensions.Configuration": "9.0.16",
          "Microsoft.Extensions.Configuration.Abstractions": "9.0.16",
          "Microsoft.Extensions.FileProviders.Abstractions": "9.0.16",
          "Microsoft.Extensions.FileProviders.Physical": "9.0.16",
          "Microsoft.Extensions.Primitives": "9.0.16"
        }
      },
      "Microsoft.Extensions.Configuration.Json": {
        "type": "Transitive",
        "resolved": "9.0.16",
        "contentHash": "vuuJyt3Ic262mpZxDcR5/LHmswQ68OcqKp+lS96nrWEHdxJ6NCtmouNoT136Ea06/l5Lat5KzC05JRGSJIN+ow==",
        "dependencies": {
          "Microsoft.Extensions.Configuration": "9.0.16",
          "Microsoft.Extensions.Configuration.Abstractions": "9.0.16",
          "Microsoft.Extensions.Configuration.FileExtensions": "9.0.16",
          "Microsoft.Extensions.FileProviders.Abstractions": "9.0.16"
        }
      },
      "Microsoft.Extensions.Configuration.UserSecrets": {
        "type": "Transitive",
        "resolved": "9.0.16",
        "contentHash": "+roFrhfQW7V/AufiXHIJz9lcH9NUnaqVYXxpongLcsuOtT0BJAMFwbmQ+T7D9QhUctoxE0O/O+1myrTdX80eqA==",
        "dependencies": {
          "Microsoft.Extensions.Configuration.Abstractions": "9.0.16",
          "Microsoft.Extensions.Configuration.Json": "9.0.16",
          "Microsoft.Extensions.FileProviders.Abstractions": "9.0.16",
          "Microsoft.Extensions.FileProviders.Physical": "9.0.16"
        }
      },
      "Microsoft.Extensions.DependencyInjection": {
        "type": "Transitive",
        "resolved": "9.0.16",
        "contentHash": "ehl4zyK3uUAPX+sQWIzlcavpfWJVb5vl468tI71x5BRzE1Q/1co9OLYmTdEQtVS8qd0GO7RQK/nz6lZha1+Stw==",
        "dependencies": {
          "Microsoft.Extensions.DependencyInjection.Abstractions": "9.0.16"
        }
      },
      "Microsoft.Extensions.DependencyInjection.Abstractions": {
        "type": "Transitive",
        "resolved": "10.0.3",
        "contentHash": "bwGMrRcAMWx2s/RDgja97p27rxSz2pEQW0+rX5cWAUWVETVJ/eyxGfjAl8vuG5a+lckWmPIE+vcuaZNVB5YDdw=="
      },
      "Microsoft.Extensions.Diagnostics": {
        "type": "Transitive",
        "resolved": "9.0.16",
        "contentHash": "jWzHYEyzZ2qg2/oest9aw/b3boJ7wnJQIUBj+vJ6S64dGhQkZtQBL5hopc8uNP9Vw0ztmk3TmXHDUa3Oahpfog==",
        "dependencies": {
          "Microsoft.Extensions.Configuration": "9.0.16",
          "Microsoft.Extensions.Diagnostics.Abstractions": "9.0.16",
          "Microsoft.Extensions.Options.ConfigurationExtensions": "9.0.16"
        }
      },
      "Microsoft.Extensions.Diagnostics.Abstractions": {
        "type": "Transitive",
        "resolved": "10.0.3",
        "contentHash": "mQiTzAj7PIJ2A9YXR5QhgulS1fTWhmQc3ckd1Mrf3hKW07d03fBDqx8vVaFw+cRTebDOeB6pNqdWdnRxsi1hBA==",
        "dependencies": {
          "Microsoft.Extensions.DependencyInjection.Abstractions": "10.0.3",
          "Microsoft.Extensions.Options": "10.0.3"
        }
      },
      "Microsoft.Extensions.FileProviders.Abstractions": {
        "type": "Transitive",
        "resolved": "10.0.3",
        "contentHash": "4TD9AXDRsipTmaemwnjt/DM5Ri0de2JzHQhvZ4woBTjUtL4XrPNsMrOk5oiLJAx1gTrE6pOIhxv+lEde5F6CZA==",
        "dependencies": {
          "Microsoft.Extensions.Primitives": "10.0.3"
        }
      },
      "Microsoft.Extensions.FileProviders.Physical": {
        "type": "Transitive",
        "resolved": "9.0.16",
        "contentHash": "jRD7Q/gUMwcd3qhjv+j72apkLhxV0bci1AiqUVAZ9Cy53XgZG1Qwy4/MVxUN4xh8F0L/J8UP0l4+FLnhfZnJ7A==",
        "dependencies": {
          "Microsoft.Extensions.FileProviders.Abstractions": "9.0.16",
          "Microsoft.Extensions.FileSystemGlobbing": "9.0.16",
          "Microsoft.Extensions.Primitives": "9.0.16"
        }
      },
      "Microsoft.Extensions.FileSystemGlobbing": {
        "type": "Transitive",
        "resolved": "9.0.16",
        "contentHash": "e+DBK3rmeR4UUUprclszcOu1b6KB6sVpyw2fL7WQLSEt2D29NMFZpEa+2VeFzZWm7IAou7ELBq67LtWs6H6CXQ=="
      },
      "Microsoft.Extensions.Hosting.Abstractions": {
        "type": "Transitive",
        "resolved": "10.0.3",
        "contentHash": "GdMpC10Jf6poxSvUJ4lgYpJ5F/kJeaAoJmrPufjBoPYyCTKKY5Dyl0rZA+LBNvFqTq1cZa/lhlptlUhNvU6xrg==",
        "dependencies": {
          "Microsoft.Extensions.Configuration.Abstractions": "10.0.3",
          "Microsoft.Extensions.DependencyInjection.Abstractions": "10.0.3",
          "Microsoft.Extensions.Diagnostics.Abstractions": "10.0.3",
          "Microsoft.Extensions.FileProviders.Abstractions": "10.0.3",
          "Microsoft.Extensions.Logging.Abstractions": "10.0.3"
        }
      },
      "Microsoft.Extensions.Logging": {
        "type": "Transitive",
        "resolved": "9.0.16",
        "contentHash": "EDI3wGfdlvcOSfYC00NaqW60JibBN7iHlJrrlQwL2cjW+ajDWC+ajGd0oX8iSGNfQRdM8/YMTw4Dk/9xPmpubA==",
        "dependencies": {
          "Microsoft.Extensions.DependencyInjection": "9.0.16",
          "Microsoft.Extensions.Logging.Abstractions": "9.0.16",
          "Microsoft.Extensions.Options": "9.0.16"
        }
      },
      "Microsoft.Extensions.Logging.Abstractions": {
        "type": "Transitive",
        "resolved": "10.0.3",
        "contentHash": "lxl0WLk7ROgBFAsjcOYjQ8/DVK+VMszxGBzUhgtQmAsTNldLL5pk9NG/cWTsXHq0lUhUEAtZkEE7jOGOA8bGKQ==",
        "dependencies": {
          "Microsoft.Extensions.DependencyInjection.Abstractions": "10.0.3"
        }
      },
      "Microsoft.Extensions.Logging.Configuration": {
        "type": "Transitive",
        "resolved": "9.0.16",
        "contentHash": "4Zo0HZ9djG934msWpuiySApjHu/mNIMImg9HXTspiioJ0t2yJd9pzZu95JeNFWGUXm7xbOc3imApm40w8KRD0g==",
        "dependencies": {
          "Microsoft.Extensions.Configuration": "9.0.16",
          "Microsoft.Extensions.Configuration.Abstractions": "9.0.16",
          "Microsoft.Extensions.Configuration.Binder": "9.0.16",
          "Microsoft.Extensions.DependencyInjection.Abstractions": "9.0.16",
          "Microsoft.Extensions.Logging": "9.0.16",
          "Microsoft.Extensions.Logging.Abstractions": "9.0.16",
          "Microsoft.Extensions.Options": "9.0.16",
          "Microsoft.Extensions.Options.ConfigurationExtensions": "9.0.16"
        }
      },
      "Microsoft.Extensions.Logging.Console": {
        "type": "Transitive",
        "resolved": "9.0.16",
        "contentHash": "/YObGGT538kf2o4zOf9a2hzaXxmmGXFtHsWpJ1xJ7Dn36qvIZg354pLBTCYA9TWhf9WuGKdmlIblznomD0TsDg==",
        "dependencies": {
          "Microsoft.Extensions.DependencyInjection.Abstractions": "9.0.16",
          "Microsoft.Extensions.Logging": "9.0.16",
          "Microsoft.Extensions.Logging.Abstractions": "9.0.16",
          "Microsoft.Extensions.Logging.Configuration": "9.0.16",
          "Microsoft.Extensions.Options": "9.0.16"
        }
      },
      "Microsoft.Extensions.Logging.Debug": {
        "type": "Transitive",
        "resolved": "9.0.16",
        "contentHash": "xkbTXn7tEFVcJ+sg6FC5BIi6B8WalqC/r8oN3afbu2GHAAhKSwEpXSDwnQ275PIuE0fMMLn/zb6xmOCaMMmJhA==",
        "dependencies": {
          "Microsoft.Extensions.DependencyInjection.Abstractions": "9.0.16",
          "Microsoft.Extensions.Logging": "9.0.16",
          "Microsoft.Extensions.Logging.Abstractions": "9.0.16"
        }
      },
      "Microsoft.Extensions.Logging.EventLog": {
        "type": "Transitive",
        "resolved": "9.0.16",
        "contentHash": "XESidi84NmzylvYKFsdbhhhy1+sWCfsgJVpxym4FFq4kpbpRCskyAzhG9hcZ204aG7GeELYziKaf/QU6knYFwA==",
        "dependencies": {
          "Microsoft.Extensions.DependencyInjection.Abstractions": "9.0.16",
          "Microsoft.Extensions.Logging": "9.0.16",
          "Microsoft.Extensions.Logging.Abstractions": "9.0.16",
          "Microsoft.Extensions.Options": "9.0.16",
          "System.Diagnostics.EventLog": "9.0.16"
        }
      },
      "Microsoft.Extensions.Logging.EventSource": {
        "type": "Transitive",
        "resolved": "9.0.16",
        "contentHash": "OHi/HFNcSf8TE2iKbBI5zdnBuxRGvpZ4a/wd2UPpJf5T6yUbI0yPujTjR4U3dhwtaGmg3y5G+br7gDUb3US3Fw==",
        "dependencies": {
          "Microsoft.Extensions.DependencyInjection.Abstractions": "9.0.16",
          "Microsoft.Extensions.Logging": "9.0.16",
          "Microsoft.Extensions.Logging.Abstractions": "9.0.16",
          "Microsoft.Extensions.Options": "9.0.16",
          "Microsoft.Extensions.Primitives": "9.0.16"
        }
      },
      "Microsoft.Extensions.Options": {
        "type": "Transitive",
        "resolved": "10.0.3",
        "contentHash": "hU6WzGTPvPoLA2ng1ILvWQb3g0qORdlHNsxI8IcPLumJb3suimYUl+bbDzdo1V4KFsvVhnMWzysHpKbZaoDQPQ==",
        "dependencies": {
          "Microsoft.Extensions.DependencyInjection.Abstractions": "10.0.3",
          "Microsoft.Extensions.Primitives": "10.0.3"
        }
      },
      "Microsoft.Extensions.Options.ConfigurationExtensions": {
        "type": "Transitive",
        "resolved": "9.0.16",
        "contentHash": "LVmbIxVIV7wRU3ZQTV+1/cfpJ48fI/95vUNyvy5yT1p73sZFrfIlnoMEYkgqwlaAIpl9w3J/9MwNoLkefidfaw==",
        "dependencies": {
          "Microsoft.Extensions.Configuration.Abstractions": "9.0.16",
          "Microsoft.Extensions.Configuration.Binder": "9.0.16",
          "Microsoft.Extensions.DependencyInjection.Abstractions": "9.0.16",
          "Microsoft.Extensions.Options": "9.0.16",
          "Microsoft.Extensions.Primitives": "9.0.16"
        }
      },
      "Microsoft.Extensions.Primitives": {
        "type": "Transitive",
        "resolved": "10.0.3",
        "contentHash": "GEcpTwo7sUoLGGNTqV1FZEuL+tTD9m81NX/mh099dqGNna07/UGZShKQNZRw4hv6nlliSUwYQgSYc7OR99Jufg=="
      },
      "Microsoft.Win32.SystemEvents": {
        "type": "Transitive",
        "resolved": "10.0.5",
        "contentHash": "a7rC0Qb5JGiA4f4ooqQjsx17LgYkb9feOcMNGyBXGqYmqC4ZoLbrV98zn7Kr5Z39BIU10Bti80Jwm/QAw+45VA=="
      },
      "ModelContextProtocol.Core": {
        "type": "Transitive",
        "resolved": "1.1.0",
        "contentHash": "3E/qGSPxAnuenD8uBT2NsHCP91ztn4WC9SfV7miKjpzDYQgVvGwbxnPhhZ8PAvltYWJ/P4wWbRmJ+2M5rZkrDQ==",
        "dependencies": {
          "Microsoft.Extensions.AI.Abstractions": "10.3.0",
          "Microsoft.Extensions.Logging.Abstractions": "10.0.3"
        }
      },
      "Namotion.Reflection": {
        "type": "Transitive",
        "resolved": "2.1.2",
        "contentHash": "7tSHAzX8GWKy0qrW6OgQWD7kAZiqzhq+m1503qczuwuK6ZYhOGCQUxw+F3F4KkRM70aB6RMslsRVSCFeouIehw=="
      },
      "Newtonsoft.Json": {
        "type": "Transitive",
        "resolved": "13.0.4",
        "contentHash": "pdgNNMai3zv51W5aq268sujXUyx7SNdE2bj1wZcWjAQrKMFZV260lbqYop1d2GM67JI1huLRwxo9ZqnfF/lC6A=="
      },
      "NJsonSchema": {
        "type": "Transitive",
        "resolved": "10.9.0",
        "contentHash": "IBPo6Srxn2MEcIFM3HdM4QImrJbsIeujENQyzHL2Pv6wLsKSYAyAEilecRqaLOhoy3snEiPLx7hhv7opbhOxKQ==",
        "dependencies": {
          "Namotion.Reflection": "2.1.2",
          "Newtonsoft.Json": "9.0.1"
        }
      },
      "QuikGraph": {
        "type": "Transitive",
        "resolved": "2.5.0",
        "contentHash": "sG+mrPpXwxlXknRK5VqWUGiOmDACa9X+3ftlkQIMgOZUqxVOQSe0+HIU9PTjwqazy0pqSf8MPDXYFGl0GYWcKw=="
      },
      "ScreenCapture.NET": {
        "type": "Transitive",
        "resolved": "3.0.0",
        "contentHash": "/nAlvKYg+Ucy3FH+9QlcVnMCbaFtlX4GSQA9Y2ltLNk6A0jEWMDcNnEkuigIIL3QWDNjb6sXmvzChGMTOs7byw==",
        "dependencies": {
          "HPPH": "1.0.0"
        }
      },
      "Serilog": {
        "type": "Transitive",
        "resolved": "4.3.1",
        "contentHash": "savYe7h5yRlkqBVOwP8cIRDOdqKiPmYCU4W87JH38sBmcKD5EBoXvQIw6bNEvZ/pTe1gsiye3VFCzBsoppGkXQ=="
      },
      "Serilog.Sinks.Console": {
        "type": "Transitive",
        "resolved": "6.1.1",
        "contentHash": "8jbqgjUyZlfCuSTaJk6lOca465OndqOz3KZP6Cryt/IqZYybyBu7GP0fE/AXBzrrQB3EBmQntBFAvMVz1COvAA==",
        "dependencies": {
          "Serilog": "4.0.0"
        }
      },
      "Serilog.Sinks.File": {
        "type": "Transitive",
        "resolved": "6.0.0",
        "contentHash": "lxjg89Y8gJMmFxVkbZ+qDgjl+T4yC5F7WSLTvA+5q0R04tfKVLRL/EHpYoJ/MEQd2EeCKDuylBIVnAYMotmh2A==",
        "dependencies": {
          "Serilog": "4.0.0"
        }
      },
      "SharpGen.Runtime": {
        "type": "Transitive",
        "resolved": "2.1.2-beta",
        "contentHash": "nqZAjfEG1jX1ivvdZLsi6Pkt0DiOJyuOgRgldNFsmjXFPhxUbXQibofLSwuDZidL2kkmtTF8qLoRIeqeVdXgYw=="
      },
      "SharpGen.Runtime.COM": {
        "type": "Transitive",
        "resolved": "2.1.2-beta",
        "contentHash": "HBCrb6HfnUWx9v5/GjJeBr5DuodZLnHlFQQYXPrQs1Hbe1c6Wd0uCXf+SJp4hW8fQNxjXEu0FgiyHGlA/SRzRw==",
        "dependencies": {
          "SharpGen.Runtime": "2.1.2-beta"
        }
      },
      "System.Diagnostics.EventLog": {
        "type": "Transitive",
        "resolved": "9.0.16",
        "contentHash": "5F4P3HueZD01i/WhfeYmQXssk1dFiFt7o9n69gTD7Gn060fe8rGY9bqbzkuMl22LSXy+tJiIJEyEBFGJvLL5mg=="
      },
      "Vortice.Direct3D11": {
        "type": "Transitive",
        "resolved": "3.5.0",
        "contentHash": "TUVz5tml5tTlk1UpQgh/0cj74ehmlyzvQeGdVkdQGACth2v2t1d+/f84dqT/Trs/5O2WdIvXfYQe2yxALLR5mQ==",
        "dependencies": {
          "SharpGen.Runtime": "2.1.2-beta",
          "Vortice.DXGI": "3.5.0"
        }
      },
      "Vortice.DirectX": {
        "type": "Transitive",
        "resolved": "3.5.0",
        "contentHash": "LwyojEqRCaYgMoEqKsLnHWJ85wM237wFzZy/w57kvQPDsEd+zcqdwDYswOCEdizcLtDBzX/Xt4bbUPgFi8Kp4w==",
        "dependencies": {
          "SharpGen.Runtime": "2.1.2-beta",
          "SharpGen.Runtime.COM": "2.1.2-beta",
          "Vortice.Mathematics": "1.7.8"
        }
      },
      "Vortice.DXGI": {
        "type": "Transitive",
        "resolved": "3.5.0",
        "contentHash": "W1dHY13DbitLJDVAAD8+YiGddqzBP1m3wN3pfEmxYrrE+dGEV/31aaw8EV74GXYnJQZ2vWJCnc7LCFPR2YkBnw==",
        "dependencies": {
          "SharpGen.Runtime": "2.1.2-beta",
          "Vortice.DirectX": "3.5.0"
        }
      },
      "Vortice.Mathematics": {
        "type": "Transitive",
        "resolved": "1.7.8",
        "contentHash": "hpVlfej54yC6Qaq9AYXWgTgF8SDz2dtKbDNZGO8msjn3NjdkUBnFcIzYfOWyvwvpr3aqZPKh4WSSnJ78GxyIWg=="
      },
      "YamlDotNet": {
        "type": "Transitive",
        "resolved": "16.3.0",
        "contentHash": "SgMOdxbz8X65z8hraIs6hOEdnkH6hESTAIUa7viEngHOYaH+6q5XJmwr1+yb9vJpNQ19hCQY69xbFsLtXpobQA=="
      },
      "dinoforge.bridge.client": {
        "type": "Project",
        "dependencies": {
          "DINOForge.Bridge.Protocol": "[0.25.0-dev, )",
          "DINOForge.SDK": "[0.25.0-dev, )",
          "Newtonsoft.Json": "[13.*, )",
          "Serilog": "[4.*, )",
          "Serilog.Sinks.Console": "[6.*, )",
          "Serilog.Sinks.File": "[6.*, )"
        }
      },
      "dinoforge.bridge.protocol": {
        "type": "Project",
        "dependencies": {
          "Newtonsoft.Json": "[13.*, )",
          "jsoncanonicalizer": "[1.0.0, )"
        }
      },
      "dinoforge.sdk": {
        "type": "Project",
        "dependencies": {
          "AssetsTools.NET": "[3.0.4, )",
          "Microsoft.Bcl.TimeProvider": "[8.0.0, )",
          "NJsonSchema": "[10.*, )",
          "Newtonsoft.Json": "[13.*, )",
          "QuikGraph": "[2.5.0, )",
          "YamlDotNet": "[16.*, )"
        }
      }
    }
  }
}