{
  "version": 1,
  "dependencies": {
    "net11.0": {
      "Microsoft.SourceLink.GitHub": {
        "type": "Direct",
        "requested": "[8.0.0, )",
        "resolved": "8.0.0",
        "contentHash": "G5q7OqtwIyGTkeIOAc3u2ZuV/kicQaec5EaRnc0pIeSnh9LUjj+PYQrJYBURvDt7twGl2PKA7nSN0kz1Zw5bnQ==",
        "dependencies": {
          "Microsoft.Build.Tasks.Git": "8.0.0",
          "Microsoft.SourceLink.Common": "8.0.0"
        }
      },
      "MinVer": {
        "type": "Direct",
        "requested": "[7.*, )",
        "resolved": "7.0.0",
        "contentHash": "2lMTCQl5bGP4iv0JNkockPnyllC6eHLz+CoK2ICvalvHod+exXSxueu9hq+zNkU7bZBJf8wMfeRC/Edn8AGmEg=="
      },
      "Spectre.Console": {
        "type": "Direct",
        "requested": "[0.*, )",
        "resolved": "0.55.2",
        "contentHash": "yc0g12YJpmZHofGJLTQX02/uqfzJ6XHRx6pe9rANNjleQptXMHPxD9KI2/DWkXiJWddc+4oizEdGox15c89hhw==",
        "dependencies": {
          "Spectre.Console.Ansi": "0.55.2"
        }
      },
      "System.CommandLine": {
        "type": "Direct",
        "requested": "[2.*, )",
        "resolved": "2.0.8",
        "contentHash": "FbpgF8p/ClXnoXEWLjQB34kNh5rsLewEgIgLyVzLDucAOQ4cNs7ec9Cam7gdKPruSb6zp4Mx8htZGTL4/5PJPg=="
      },
      "AssetsTools.NET": {
        "type": "Transitive",
        "resolved": "3.0.4",
        "contentHash": "NqYy5UIucwKwdkpamFTi8lr53hD+V8qQmbHzztQj1v4Pq1G4TjNlpkUWOhktTLBqBm4aPRaAkpFgB+3TDEuomw=="
      },
      "es6numberserializer": {
        "type": "Transitive",
        "resolved": "1.0.0",
        "contentHash": "+PtPayBof2su9cmSsw/PIGY5d4DfT1to6+EZXYqztxkcgWoiM6pWQGW6YEjT91W16AcpwvsR0RBRKuPwUZ3Nog=="
      },
      "jsoncanonicalizer": {
        "type": "Transitive",
        "resolved": "1.0.0",
        "contentHash": "NVJ+/qBOLe0BHyFIDx6v9zFC4TLgfnBpX0OIvqkBWoPjssNar3dBlTtaHy8XXQ0YEkgvYxpdL/U7zCARpJl2uQ==",
        "dependencies": {
          "es6numberserializer": "1.0.0"
        }
      },
      "Microsoft.Bcl.TimeProvider": {
        "type": "Transitive",
        "resolved": "8.0.0",
        "contentHash": "f5Kr5JepAbiGo7uDmhgvMqhntwxqXNn6/IpTBSSI4cuHhgnJGrLxFRhMjVpRkLPp6zJXO0/G0l3j9p9zSJxa+w=="
      },
      "Microsoft.Build.Tasks.Git": {
        "type": "Transitive",
        "resolved": "8.0.0",
        "contentHash": "bZKfSIKJRXLTuSzLudMFte/8CempWjVamNUR5eHJizsy+iuOuO/k2gnh7W0dHJmYY0tBf+gUErfluCv5mySAOQ=="
      },
      "Microsoft.SourceLink.Common": {
        "type": "Transitive",
        "resolved": "8.0.0",
        "contentHash": "dk9JPxTCIevS75HyEQ0E4OVAFhB2N+V9ShCXf8Q6FkUQZDkgLI12y679Nym1YqsiSysuQskT7Z+6nUf3yab6Vw=="
      },
      "Namotion.Reflection": {
        "type": "Transitive",
        "resolved": "2.1.2",
        "contentHash": "7tSHAzX8GWKy0qrW6OgQWD7kAZiqzhq+m1503qczuwuK6ZYhOGCQUxw+F3F4KkRM70aB6RMslsRVSCFeouIehw=="
      },
      "Newtonsoft.Json": {
        "type": "Transitive",
        "resolved": "13.0.4",
        "contentHash": "pdgNNMai3zv51W5aq268sujXUyx7SNdE2bj1wZcWjAQrKMFZV260lbqYop1d2GM67JI1huLRwxo9ZqnfF/lC6A=="
      },
      "NJsonSchema": {
        "type": "Transitive",
        "resolved": "10.9.0",
        "contentHash": "IBPo6Srxn2MEcIFM3HdM4QImrJbsIeujENQyzHL2Pv6wLsKSYAyAEilecRqaLOhoy3snEiPLx7hhv7opbhOxKQ==",
        "dependencies": {
          "Namotion.Reflection": "2.1.2",
          "Newtonsoft.Json": "9.0.1"
        }
      },
      "QuikGraph": {
        "type": "Transitive",
        "resolved": "2.5.0",
        "contentHash": "sG+mrPpXwxlXknRK5VqWUGiOmDACa9X+3ftlkQIMgOZUqxVOQSe0+HIU9PTjwqazy0pqSf8MPDXYFGl0GYWcKw=="
      },
      "Serilog": {
        "type": "Transitive",
        "resolved": "4.3.1",
        "contentHash": "savYe7h5yRlkqBVOwP8cIRDOdqKiPmYCU4W87JH38sBmcKD5EBoXvQIw6bNEvZ/pTe1gsiye3VFCzBsoppGkXQ=="
      },
      "Serilog.Sinks.Console": {
        "type": "Transitive",
        "resolved": "6.1.1",
        "contentHash": "8jbqgjUyZlfCuSTaJk6lOca465OndqOz3KZP6Cryt/IqZYybyBu7GP0fE/AXBzrrQB3EBmQntBFAvMVz1COvAA==",
        "dependencies": {
          "Serilog": "4.0.0"
        }
      },
      "Serilog.Sinks.File": {
        "type": "Transitive",
        "resolved": "6.0.0",
        "contentHash": "lxjg89Y8gJMmFxVkbZ+qDgjl+T4yC5F7WSLTvA+5q0R04tfKVLRL/EHpYoJ/MEQd2EeCKDuylBIVnAYMotmh2A==",
        "dependencies": {
          "Serilog": "4.0.0"
        }
      },
      "Spectre.Console.Ansi": {
        "type": "Transitive",
        "resolved": "0.55.2",
        "contentHash": "tN3KEJQQZwLW9HJnG5YTSAxfBwxsmg1wVuGvhGG2rM+pbl+NGaHU8pDcNofPlOXlgpkbpBMxI5t9o9qPfy3sHQ=="
      },
      "YamlDotNet": {
        "type": "Transitive",
        "resolved": "16.3.0",
        "contentHash": "SgMOdxbz8X65z8hraIs6hOEdnkH6hESTAIUa7viEngHOYaH+6q5XJmwr1+yb9vJpNQ19hCQY69xbFsLtXpobQA=="
      },
      "dinoforge.bridge.client": {
        "type": "Project",
        "dependencies": {
          "DINOForge.Bridge.Protocol": "[0.25.0-dev, )",
          "DINOForge.SDK": "[0.25.0-dev, )",
          "Newtonsoft.Json": "[13.*, )",
          "Serilog": "[4.*, )",
          "Serilog.Sinks.Console": "[6.*, )",
          "Serilog.Sinks.File": "[6.*, )"
        }
      },
      "dinoforge.bridge.protocol": {
        "type": "Project",
        "dependencies": {
          "Newtonsoft.Json": "[13.*, )",
          "jsoncanonicalizer": "[1.0.0, )"
        }
      },
      "dinoforge.sdk": {
        "type": "Project",
        "dependencies": {
          "AssetsTools.NET": "[3.0.4, )",
          "Microsoft.Bcl.TimeProvider": "[8.0.0, )",
          "NJsonSchema": "[10.*, )",
          "Newtonsoft.Json": "[13.*, )",
          "QuikGraph": "[2.5.0, )",
          "YamlDotNet": "[16.*, )"
        }
      }
    }
  }
}