
Microsoft Visual Studio Solution File, Format Version 12.00
# Visual Studio Version 17
VisualStudioVersion = 17.0.31903.59
MinimumVisualStudioVersion = 10.0.40219.1
Project("{FAE04EC0-301F-11D3-BF4B-00C04F79EFBC}") = "DINOForge.Runtime", "Runtime\DINOForge.Runtime.csproj", "{A1B2C3D4-E5F6-7890-ABCD-EF1234567890}"
EndProject
Project("{FAE04EC0-301F-11D3-BF4B-00C04F79EFBC}") = "DINOForge.SDK", "SDK\DINOForge.SDK.csproj", "{B2C3D4E5-F6A7-8901-BCDE-F12345678901}"
EndProject
Project("{FAE04EC0-301F-11D3-BF4B-00C04F79EFBC}") = "DINOForge.Tools.DumpTools", "Tools\DumpTools\DINOForge.Tools.DumpTools.csproj", "{C3D4E5F6-A7B8-9012-CDEF-123456789012}"
EndProject
Project("{FAE04EC0-301F-11D3-BF4B-00C04F79EFBC}") = "DINOForge.Tests", "Tests\DINOForge.Tests.csproj", "{D4E5F6A7-B8C9-0123-DEFA-234567890123}"
EndProject
Project("{2150E333-8FDC-42A3-9474-1A3956D46DE8}") = "Domains", "Domains", "{0E5E249A-34B4-42CE-9CEB-0ACD11CD86C7}"
EndProject
Project("{2150E333-8FDC-42A3-9474-1A3956D46DE8}") = "Bridge", "Bridge", "{F1A2B3C4-D5E6-7890-ABCD-112233445566}"
EndProject
Project("{FAE04EC0-301F-11D3-BF4B-00C04F79EFBC}") = "DINOForge.Bridge.Protocol", "Bridge\Protocol\DINOForge.Bridge.Protocol.csproj", "{A1A2A3A4-B5B6-C7C8-D9D0-E1E2E3E4E5E6}"
EndProject
Project("{FAE04EC0-301F-11D3-BF4B-00C04F79EFBC}") = "DINOForge.Bridge.Client", "Bridge\Client\DINOForge.Bridge.Client.csproj", "{B1B2B3B4-C5C6-D7D8-E9E0-F1F2F3F4F5F6}"
EndProject
Project("{FAE04EC0-301F-11D3-BF4B-00C04F79EFBC}") = "DINOForge.Domains.Warfare", "Domains\Warfare\DINOForge.Domains.Warfare.csproj", "{AB762478-FE63-49D6-90D0-9DE803ED2CA9}"
EndProject
Project("{FAE04EC0-301F-11D3-BF4B-00C04F79EFBC}") = "DINOForge.Tools.Installer", "Tools\Installer\InstallerLib\DINOForge.Tools.Installer.csproj", "{F6A7B8C9-D0E1-2345-FABC-456789012345}"
EndProject
Project("{FAE04EC0-301F-11D3-BF4B-00C04F79EFBC}") = "DINOForge.Domains.UI", "Domains\UI\DINOForge.Domains.UI.csproj", "{F6A7B8C9-D0E1-2345-ABCD-456789012345}"
EndProject
Project("{FAE04EC0-301F-11D3-BF4B-00C04F79EFBC}") = "DINOForge.Domains.Economy", "Domains\Economy\DINOForge.Domains.Economy.csproj", "{C4E8B715-041E-4AF3-942E-5C7C6B6CA6AE}"
EndProject
Project("{FAE04EC0-301F-11D3-BF4B-00C04F79EFBC}") = "DINOForge.Domains.Scenario", "Domains\Scenario\DINOForge.Domains.Scenario.csproj", "{46698901-7D52-A99E-D7F3-E93DF0BA8EB3}"
EndProject
Project("{2150E333-8FDC-42A3-9474-1A3956D46DE8}") = "Tools", "Tools", "{8EB8249B-4D95-475C-B4E0-0E364C8A6F20}"
EndProject
Project("{FAE04EC0-301F-11D3-BF4B-00C04F79EFBC}") = "DINOForge.Tools.Cli", "Tools\Cli\DINOForge.Tools.Cli.csproj", "{DADEC29C-7C31-44A1-84AC-4CCA3F14B432}"
EndProject
Project("{2150E333-8FDC-42A3-9474-1A3956D46DE8}") = "Tests", "Tests", "{B55039E8-79C1-4F5B-898D-93B20396FFF3}"
EndProject
Project("{FAE04EC0-301F-11D3-BF4B-00C04F79EFBC}") = "DINOForge.Tests.Integration", "Tests\Integration\DINOForge.Tests.Integration.csproj", "{A4BBF396-90A7-4EDC-9565-34641567B1C9}"
EndProject
Project("{FAE04EC0-301F-11D3-BF4B-00C04F79EFBC}") = "DINOForge.Tools.McpServer", "Tools\McpServer\DINOForge.Tools.McpServer.csproj", "{10BDBC6D-8475-49D8-AF47-33416E27DA78}"
EndProject
Project("{FAE04EC0-301F-11D3-BF4B-00C04F79EFBC}") = "DINOForge.Templates", "Templates\DINOForge.Templates.csproj", "{4141EF9A-BE42-418B-82CF-EDD6114FADBB}"
EndProject
Project("{2150E333-8FDC-42A3-9474-1A3956D46DE8}") = "Installer", "Installer", "{F305C8C3-20F4-4677-9B70-A7D498D12FD4}"
EndProject
Project("{FAE04EC0-301F-11D3-BF4B-00C04F79EFBC}") = "DINOForge.Installer", "Tools\Installer\GUI\DINOForge.Installer.csproj", "{63576563-21F1-4665-BD85-B44E85C443A6}"
EndProject
Project("{2150E333-8FDC-42A3-9474-1A3956D46DE8}") = "Analyzers", "Analyzers", "{16D51EA6-9A2E-5B53-FF49-67CB64C6DFD5}"
EndProject
Project("{FAE04EC0-301F-11D3-BF4B-00C04F79EFBC}") = "DINOForge.Tests.Analyzers", "Tests\Analyzers\DINOForge.Tests.Analyzers.csproj", "{F0EAB6EB-C77B-421E-A9EE-D719A9B6C8B4}"
EndProject
Project("{2150E333-8FDC-42A3-9474-1A3956D46DE8}") = "Analyzers", "Analyzers", "{F883AD26-E2D9-0064-49F2-B333EF800629}"
EndProject
Project("{FAE04EC0-301F-11D3-BF4B-00C04F79EFBC}") = "DINOForge.Analyzers", "Analyzers\DINOForge.Analyzers.csproj", "{5C559B0B-FC0F-4628-B9AE-AF86271AAB82}"
EndProject
Project("{2150E333-8FDC-42A3-9474-1A3956D46DE8}") = "PackCompiler", "PackCompiler", "{B7415190-5172-1A05-6832-7AC36E057E5E}"
EndProject
Project("{FAE04EC0-301F-11D3-BF4B-00C04F79EFBC}") = "DINOForge.Tools.PackCompiler", "Tools\PackCompiler\DINOForge.Tools.PackCompiler.csproj", "{E5304607-E4F5-46A3-BC3E-0D211739DA84}"
EndProject
Project("{2150E333-8FDC-42A3-9474-1A3956D46DE8}") = "SDK", "SDK", "{FF13A09E-0E72-1904-124B-A4E979EF28D3}"
EndProject
Project("{FAE04EC0-301F-11D3-BF4B-00C04F79EFBC}") = "DesktopCompanion", "Tools\DesktopCompanion\DesktopCompanion.csproj", "{23C19243-70FC-46E0-A999-7C6343A5CF65}"
EndProject
Project("{FAE04EC0-301F-11D3-BF4B-00C04F79EFBC}") = "GameControlCli", "Tools\GameControlCli\GameControlCli.csproj", "{45A776B6-4C54-4224-9946-BC0B7DBFD3BD}"
EndProject
Project("{2150E333-8FDC-42A3-9474-1A3956D46DE8}") = "Client", "Client", "{1882AB8A-EC23-90D8-3D5D-56B40300D8B3}"
EndProject
Project("{2150E333-8FDC-42A3-9474-1A3956D46DE8}") = "Protocol", "Protocol", "{41E55200-6A3E-2DBB-1477-F9C8F1DAF576}"
EndProject
Project("{FAE04EC0-301F-11D3-BF4B-00C04F79EFBC}") = "MockSteamworksNet", "Tools\MockSteamworksNet\MockSteamworksNet.csproj", "{8E36CE41-EAC1-46E0-B9BF-15F3312EFBE9}"
EndProject
Project("{2150E333-8FDC-42A3-9474-1A3956D46DE8}") = "Test-Minimal", "Test-Minimal", "{C453CC6E-8A8A-9328-81A6-246CA115A91F}"
EndProject
Project("{FAE04EC0-301F-11D3-BF4B-00C04F79EFBC}") = "Minimal", "Tools\Test-Minimal\Minimal.csproj", "{A51EA61C-B3BF-49B5-9649-B10BC8CBD85C}"
EndProject
Project("{2150E333-8FDC-42A3-9474-1A3956D46DE8}") = "Sketchfab", "Sketchfab", "{0CDB2642-046B-D154-E1EA-B4548FBED5B1}"
EndProject
Project("{FAE04EC0-301F-11D3-BF4B-00C04F79EFBC}") = "DINOForge.Tests.Sketchfab", "Tests\Sketchfab\DINOForge.Tests.Sketchfab.csproj", "{252E4A8C-76A7-4498-8995-0E13FA03B92F}"
EndProject
Project("{2150E333-8FDC-42A3-9474-1A3956D46DE8}") = "Cli", "Cli", "{2488C281-22CE-BDA3-44E3-39FA7095041A}"
EndProject
Project("{FAE04EC0-301F-11D3-BF4B-00C04F79EFBC}") = "CompanionTests", "Tests\CompanionTests\CompanionTests.csproj", "{4F9D2CFF-2417-4D8E-A9EA-46220BC580F9}"
EndProject
Project("{2150E333-8FDC-42A3-9474-1A3956D46DE8}") = "UiAutomation", "UiAutomation", "{4CAFA25D-D048-FD66-4207-B536DBC1B7E3}"
EndProject
Project("{FAE04EC0-301F-11D3-BF4B-00C04F79EFBC}") = "DINOForge.Tests.UiAutomation", "Tests\UiAutomation\DINOForge.Tests.UiAutomation.csproj", "{92C33B2A-2FB3-464D-ADB3-599E42BA5A39}"
EndProject
Project("{2150E333-8FDC-42A3-9474-1A3956D46DE8}") = "CliToolTests", "CliToolTests", "{652308C2-D44C-3B7B-8C86-38D7B394FFB2}"
EndProject
Project("{FAE04EC0-301F-11D3-BF4B-00C04F79EFBC}") = "DINOForge.Tests.CliTools", "Tests\CliToolTests\DINOForge.Tests.CliTools.csproj", "{65ABFE0D-7216-4D17-AA77-F138D9DB6A83}"
EndProject
Project("{2150E333-8FDC-42A3-9474-1A3956D46DE8}") = "GameLaunch", "GameLaunch", "{67303AF3-BAFF-0F13-EDFF-10A2FAC0E9F9}"
EndProject
Project("{FAE04EC0-301F-11D3-BF4B-00C04F79EFBC}") = "DINOForge.Tests.GameLaunch", "Tests\GameLaunch\DINOForge.Tests.GameLaunch.csproj", "{06DE2CB0-0971-4BDC-825F-C3BD87B7E3E2}"
EndProject
Global
	GlobalSection(SolutionConfigurationPlatforms) = preSolution
		Debug|Any CPU = Debug|Any CPU
		Debug|x64 = Debug|x64
		Debug|x86 = Debug|x86
		Release|Any CPU = Release|Any CPU
		Release|x64 = Release|x64
		Release|x86 = Release|x86
	EndGlobalSection
	GlobalSection(ProjectConfigurationPlatforms) = postSolution
		{A1B2C3D4-E5F6-7890-ABCD-EF1234567890}.Debug|Any CPU.ActiveCfg = Debug|Any CPU
		{A1B2C3D4-E5F6-7890-ABCD-EF1234567890}.Debug|Any CPU.Build.0 = Debug|Any CPU
		{A1B2C3D4-E5F6-7890-ABCD-EF1234567890}.Debug|x64.ActiveCfg = Debug|Any CPU
		{A1B2C3D4-E5F6-7890-ABCD-EF1234567890}.Debug|x64.Build.0 = Debug|Any CPU
		{A1B2C3D4-E5F6-7890-ABCD-EF1234567890}.Debug|x86.ActiveCfg = Debug|Any CPU
		{A1B2C3D4-E5F6-7890-ABCD-EF1234567890}.Debug|x86.Build.0 = Debug|Any CPU
		{A1B2C3D4-E5F6-7890-ABCD-EF1234567890}.Release|Any CPU.ActiveCfg = Release|Any CPU
		{A1B2C3D4-E5F6-7890-ABCD-EF1234567890}.Release|Any CPU.Build.0 = Release|Any CPU
		{A1B2C3D4-E5F6-7890-ABCD-EF1234567890}.Release|x64.ActiveCfg = Release|Any CPU
		{A1B2C3D4-E5F6-7890-ABCD-EF1234567890}.Release|x64.Build.0 = Release|Any CPU
		{A1B2C3D4-E5F6-7890-ABCD-EF1234567890}.Release|x86.ActiveCfg = Release|Any CPU
		{A1B2C3D4-E5F6-7890-ABCD-EF1234567890}.Release|x86.Build.0 = Release|Any CPU
		{B2C3D4E5-F6A7-8901-BCDE-F12345678901}.Debug|Any CPU.ActiveCfg = Debug|Any CPU
		{B2C3D4E5-F6A7-8901-BCDE-F12345678901}.Debug|Any CPU.Build.0 = Debug|Any CPU
		{B2C3D4E5-F6A7-8901-BCDE-F12345678901}.Debug|x64.ActiveCfg = Debug|Any CPU
		{B2C3D4E5-F6A7-8901-BCDE-F12345678901}.Debug|x64.Build.0 = Debug|Any CPU
		{B2C3D4E5-F6A7-8901-BCDE-F12345678901}.Debug|x86.ActiveCfg = Debug|Any CPU
		{B2C3D4E5-F6A7-8901-BCDE-F12345678901}.Debug|x86.Build.0 = Debug|Any CPU
		{B2C3D4E5-F6A7-8901-BCDE-F12345678901}.Release|Any CPU.ActiveCfg = Release|Any CPU
		{B2C3D4E5-F6A7-8901-BCDE-F12345678901}.Release|Any CPU.Build.0 = Release|Any CPU
		{B2C3D4E5-F6A7-8901-BCDE-F12345678901}.Release|x64.ActiveCfg = Release|Any CPU
		{B2C3D4E5-F6A7-8901-BCDE-F12345678901}.Release|x64.Build.0 = Release|Any CPU
		{B2C3D4E5-F6A7-8901-BCDE-F12345678901}.Release|x86.ActiveCfg = Release|Any CPU
		{B2C3D4E5-F6A7-8901-BCDE-F12345678901}.Release|x86.Build.0 = Release|Any CPU
		{C3D4E5F6-A7B8-9012-CDEF-123456789012}.Debug|Any CPU.ActiveCfg = Debug|Any CPU
		{C3D4E5F6-A7B8-9012-CDEF-123456789012}.Debug|Any CPU.Build.0 = Debug|Any CPU
		{C3D4E5F6-A7B8-9012-CDEF-123456789012}.Debug|x64.ActiveCfg = Debug|Any CPU
		{C3D4E5F6-A7B8-9012-CDEF-123456789012}.Debug|x64.Build.0 = Debug|Any CPU
		{C3D4E5F6-A7B8-9012-CDEF-123456789012}.Debug|x86.ActiveCfg = Debug|Any CPU
		{C3D4E5F6-A7B8-9012-CDEF-123456789012}.Debug|x86.Build.0 = Debug|Any CPU
		{C3D4E5F6-A7B8-9012-CDEF-123456789012}.Release|Any CPU.ActiveCfg = Release|Any CPU
		{C3D4E5F6-A7B8-9012-CDEF-123456789012}.Release|Any CPU.Build.0 = Release|Any CPU
		{C3D4E5F6-A7B8-9012-CDEF-123456789012}.Release|x64.ActiveCfg = Release|Any CPU
		{C3D4E5F6-A7B8-9012-CDEF-123456789012}.Release|x64.Build.0 = Release|Any CPU
		{C3D4E5F6-A7B8-9012-CDEF-123456789012}.Release|x86.ActiveCfg = Release|Any CPU
		{C3D4E5F6-A7B8-9012-CDEF-123456789012}.Release|x86.Build.0 = Release|Any CPU
		{D4E5F6A7-B8C9-0123-DEFA-234567890123}.Debug|Any CPU.ActiveCfg = Debug|Any CPU
		{D4E5F6A7-B8C9-0123-DEFA-234567890123}.Debug|Any CPU.Build.0 = Debug|Any CPU
		{D4E5F6A7-B8C9-0123-DEFA-234567890123}.Debug|x64.ActiveCfg = Debug|Any CPU
		{D4E5F6A7-B8C9-0123-DEFA-234567890123}.Debug|x64.Build.0 = Debug|Any CPU
		{D4E5F6A7-B8C9-0123-DEFA-234567890123}.Debug|x86.ActiveCfg = Debug|Any CPU
		{D4E5F6A7-B8C9-0123-DEFA-234567890123}.Debug|x86.Build.0 = Debug|Any CPU
		{D4E5F6A7-B8C9-0123-DEFA-234567890123}.Release|Any CPU.ActiveCfg = Release|Any CPU
		{D4E5F6A7-B8C9-0123-DEFA-234567890123}.Release|Any CPU.Build.0 = Release|Any CPU
		{D4E5F6A7-B8C9-0123-DEFA-234567890123}.Release|x64.ActiveCfg = Release|Any CPU
		{D4E5F6A7-B8C9-0123-DEFA-234567890123}.Release|x64.Build.0 = Release|Any CPU
		{D4E5F6A7-B8C9-0123-DEFA-234567890123}.Release|x86.ActiveCfg = Release|Any CPU
		{D4E5F6A7-B8C9-0123-DEFA-234567890123}.Release|x86.Build.0 = Release|Any CPU
		{A1A2A3A4-B5B6-C7C8-D9D0-E1E2E3E4E5E6}.Debug|Any CPU.ActiveCfg = Debug|Any CPU
		{A1A2A3A4-B5B6-C7C8-D9D0-E1E2E3E4E5E6}.Debug|Any CPU.Build.0 = Debug|Any CPU
		{A1A2A3A4-B5B6-C7C8-D9D0-E1E2E3E4E5E6}.Debug|x64.ActiveCfg = Debug|Any CPU
		{A1A2A3A4-B5B6-C7C8-D9D0-E1E2E3E4E5E6}.Debug|x64.Build.0 = Debug|Any CPU
		{A1A2A3A4-B5B6-C7C8-D9D0-E1E2E3E4E5E6}.Debug|x86.ActiveCfg = Debug|Any CPU
		{A1A2A3A4-B5B6-C7C8-D9D0-E1E2E3E4E5E6}.Debug|x86.Build.0 = Debug|Any CPU
		{A1A2A3A4-B5B6-C7C8-D9D0-E1E2E3E4E5E6}.Release|Any CPU.ActiveCfg = Release|Any CPU
		{A1A2A3A4-B5B6-C7C8-D9D0-E1E2E3E4E5E6}.Release|Any CPU.Build.0 = Release|Any CPU
		{A1A2A3A4-B5B6-C7C8-D9D0-E1E2E3E4E5E6}.Release|x64.ActiveCfg = Release|Any CPU
		{A1A2A3A4-B5B6-C7C8-D9D0-E1E2E3E4E5E6}.Release|x64.Build.0 = Release|Any CPU
		{A1A2A3A4-B5B6-C7C8-D9D0-E1E2E3E4E5E6}.Release|x86.ActiveCfg = Release|Any CPU
		{A1A2A3A4-B5B6-C7C8-D9D0-E1E2E3E4E5E6}.Release|x86.Build.0 = Release|Any CPU
		{B1B2B3B4-C5C6-D7D8-E9E0-F1F2F3F4F5F6}.Debug|Any CPU.ActiveCfg = Debug|Any CPU
		{B1B2B3B4-C5C6-D7D8-E9E0-F1F2F3F4F5F6}.Debug|Any CPU.Build.0 = Debug|Any CPU
		{B1B2B3B4-C5C6-D7D8-E9E0-F1F2F3F4F5F6}.Debug|x64.ActiveCfg = Debug|Any CPU
		{B1B2B3B4-C5C6-D7D8-E9E0-F1F2F3F4F5F6}.Debug|x64.Build.0 = Debug|Any CPU
		{B1B2B3B4-C5C6-D7D8-E9E0-F1F2F3F4F5F6}.Debug|x86.ActiveCfg = Debug|Any CPU
		{B1B2B3B4-C5C6-D7D8-E9E0-F1F2F3F4F5F6}.Debug|x86.Build.0 = Debug|Any CPU
		{B1B2B3B4-C5C6-D7D8-E9E0-F1F2F3F4F5F6}.Release|Any CPU.ActiveCfg = Release|Any CPU
		{B1B2B3B4-C5C6-D7D8-E9E0-F1F2F3F4F5F6}.Release|Any CPU.Build.0 = Release|Any CPU
		{B1B2B3B4-C5C6-D7D8-E9E0-F1F2F3F4F5F6}.Release|x64.ActiveCfg = Release|Any CPU
		{B1B2B3B4-C5C6-D7D8-E9E0-F1F2F3F4F5F6}.Release|x64.Build.0 = Release|Any CPU
		{B1B2B3B4-C5C6-D7D8-E9E0-F1F2F3F4F5F6}.Release|x86.ActiveCfg = Release|Any CPU
		{B1B2B3B4-C5C6-D7D8-E9E0-F1F2F3F4F5F6}.Release|x86.Build.0 = Release|Any CPU
		{AB762478-FE63-49D6-90D0-9DE803ED2CA9}.Debug|Any CPU.ActiveCfg = Debug|Any CPU
		{AB762478-FE63-49D6-90D0-9DE803ED2CA9}.Debug|Any CPU.Build.0 = Debug|Any CPU
		{AB762478-FE63-49D6-90D0-9DE803ED2CA9}.Debug|x64.ActiveCfg = Debug|Any CPU
		{AB762478-FE63-49D6-90D0-9DE803ED2CA9}.Debug|x64.Build.0 = Debug|Any CPU
		{AB762478-FE63-49D6-90D0-9DE803ED2CA9}.Debug|x86.ActiveCfg = Debug|Any CPU
		{AB762478-FE63-49D6-90D0-9DE803ED2CA9}.Debug|x86.Build.0 = Debug|Any CPU
		{AB762478-FE63-49D6-90D0-9DE803ED2CA9}.Release|Any CPU.ActiveCfg = Release|Any CPU
		{AB762478-FE63-49D6-90D0-9DE803ED2CA9}.Release|Any CPU.Build.0 = Release|Any CPU
		{AB762478-FE63-49D6-90D0-9DE803ED2CA9}.Release|x64.ActiveCfg = Release|Any CPU
		{AB762478-FE63-49D6-90D0-9DE803ED2CA9}.Release|x64.Build.0 = Release|Any CPU
		{AB762478-FE63-49D6-90D0-9DE803ED2CA9}.Release|x86.ActiveCfg = Release|Any CPU
		{AB762478-FE63-49D6-90D0-9DE803ED2CA9}.Release|x86.Build.0 = Release|Any CPU
		{F6A7B8C9-D0E1-2345-FABC-456789012345}.Debug|Any CPU.ActiveCfg = Debug|Any CPU
		{F6A7B8C9-D0E1-2345-FABC-456789012345}.Debug|Any CPU.Build.0 = Debug|Any CPU
		{F6A7B8C9-D0E1-2345-FABC-456789012345}.Debug|x64.ActiveCfg = Debug|Any CPU
		{F6A7B8C9-D0E1-2345-FABC-456789012345}.Debug|x64.Build.0 = Debug|Any CPU
		{F6A7B8C9-D0E1-2345-FABC-456789012345}.Debug|x86.ActiveCfg = Debug|Any CPU
		{F6A7B8C9-D0E1-2345-FABC-456789012345}.Debug|x86.Build.0 = Debug|Any CPU
		{F6A7B8C9-D0E1-2345-FABC-456789012345}.Release|Any CPU.ActiveCfg = Release|Any CPU
		{F6A7B8C9-D0E1-2345-FABC-456789012345}.Release|Any CPU.Build.0 = Release|Any CPU
		{F6A7B8C9-D0E1-2345-FABC-456789012345}.Release|x64.ActiveCfg = Release|Any CPU
		{F6A7B8C9-D0E1-2345-FABC-456789012345}.Release|x64.Build.0 = Release|Any CPU
		{F6A7B8C9-D0E1-2345-FABC-456789012345}.Release|x86.ActiveCfg = Release|Any CPU
		{F6A7B8C9-D0E1-2345-FABC-456789012345}.Release|x86.Build.0 = Release|Any CPU
		{F6A7B8C9-D0E1-2345-ABCD-456789012345}.Debug|Any CPU.ActiveCfg = Debug|Any CPU
		{F6A7B8C9-D0E1-2345-ABCD-456789012345}.Debug|Any CPU.Build.0 = Debug|Any CPU
		{F6A7B8C9-D0E1-2345-ABCD-456789012345}.Debug|x64.ActiveCfg = Debug|Any CPU
		{F6A7B8C9-D0E1-2345-ABCD-456789012345}.Debug|x64.Build.0 = Debug|Any CPU
		{F6A7B8C9-D0E1-2345-ABCD-456789012345}.Debug|x86.ActiveCfg = Debug|Any CPU
		{F6A7B8C9-D0E1-2345-ABCD-456789012345}.Debug|x86.Build.0 = Debug|Any CPU
		{F6A7B8C9-D0E1-2345-ABCD-456789012345}.Release|Any CPU.ActiveCfg = Release|Any CPU
		{F6A7B8C9-D0E1-2345-ABCD-456789012345}.Release|Any CPU.Build.0 = Release|Any CPU
		{F6A7B8C9-D0E1-2345-ABCD-456789012345}.Release|x64.ActiveCfg = Release|Any CPU
		{F6A7B8C9-D0E1-2345-ABCD-456789012345}.Release|x64.Build.0 = Release|Any CPU
		{F6A7B8C9-D0E1-2345-ABCD-456789012345}.Release|x86.ActiveCfg = Release|Any CPU
		{F6A7B8C9-D0E1-2345-ABCD-456789012345}.Release|x86.Build.0 = Release|Any CPU
		{C4E8B715-041E-4AF3-942E-5C7C6B6CA6AE}.Debug|Any CPU.ActiveCfg = Debug|Any CPU
		{C4E8B715-041E-4AF3-942E-5C7C6B6CA6AE}.Debug|Any CPU.Build.0 = Debug|Any CPU
		{C4E8B715-041E-4AF3-942E-5C7C6B6CA6AE}.Debug|x64.ActiveCfg = Debug|Any CPU
		{C4E8B715-041E-4AF3-942E-5C7C6B6CA6AE}.Debug|x64.Build.0 = Debug|Any CPU
		{C4E8B715-041E-4AF3-942E-5C7C6B6CA6AE}.Debug|x86.ActiveCfg = Debug|Any CPU
		{C4E8B715-041E-4AF3-942E-5C7C6B6CA6AE}.Debug|x86.Build.0 = Debug|Any CPU
		{C4E8B715-041E-4AF3-942E-5C7C6B6CA6AE}.Release|Any CPU.ActiveCfg = Release|Any CPU
		{C4E8B715-041E-4AF3-942E-5C7C6B6CA6AE}.Release|Any CPU.Build.0 = Release|Any CPU
		{C4E8B715-041E-4AF3-942E-5C7C6B6CA6AE}.Release|x64.ActiveCfg = Release|Any CPU
		{C4E8B715-041E-4AF3-942E-5C7C6B6CA6AE}.Release|x64.Build.0 = Release|Any CPU
		{C4E8B715-041E-4AF3-942E-5C7C6B6CA6AE}.Release|x86.ActiveCfg = Release|Any CPU
		{C4E8B715-041E-4AF3-942E-5C7C6B6CA6AE}.Release|x86.Build.0 = Release|Any CPU
		{46698901-7D52-A99E-D7F3-E93DF0BA8EB3}.Debug|Any CPU.ActiveCfg = Debug|Any CPU
		{46698901-7D52-A99E-D7F3-E93DF0BA8EB3}.Debug|Any CPU.Build.0 = Debug|Any CPU
		{46698901-7D52-A99E-D7F3-E93DF0BA8EB3}.Debug|x64.ActiveCfg = Debug|Any CPU
		{46698901-7D52-A99E-D7F3-E93DF0BA8EB3}.Debug|x64.Build.0 = Debug|Any CPU
		{46698901-7D52-A99E-D7F3-E93DF0BA8EB3}.Debug|x86.ActiveCfg = Debug|Any CPU
		{46698901-7D52-A99E-D7F3-E93DF0BA8EB3}.Debug|x86.Build.0 = Debug|Any CPU
		{46698901-7D52-A99E-D7F3-E93DF0BA8EB3}.Release|Any CPU.ActiveCfg = Release|Any CPU
		{46698901-7D52-A99E-D7F3-E93DF0BA8EB3}.Release|Any CPU.Build.0 = Release|Any CPU
		{46698901-7D52-A99E-D7F3-E93DF0BA8EB3}.Release|x64.ActiveCfg = Release|Any CPU
		{46698901-7D52-A99E-D7F3-E93DF0BA8EB3}.Release|x64.Build.0 = Release|Any CPU
		{46698901-7D52-A99E-D7F3-E93DF0BA8EB3}.Release|x86.ActiveCfg = Release|Any CPU
		{46698901-7D52-A99E-D7F3-E93DF0BA8EB3}.Release|x86.Build.0 = Release|Any CPU
		{DADEC29C-7C31-44A1-84AC-4CCA3F14B432}.Debug|Any CPU.ActiveCfg = Debug|x64
		{DADEC29C-7C31-44A1-84AC-4CCA3F14B432}.Debug|Any CPU.Build.0 = Debug|x64
		{DADEC29C-7C31-44A1-84AC-4CCA3F14B432}.Debug|x64.ActiveCfg = Debug|x64
		{DADEC29C-7C31-44A1-84AC-4CCA3F14B432}.Debug|x64.Build.0 = Debug|x64
		{DADEC29C-7C31-44A1-84AC-4CCA3F14B432}.Debug|x86.ActiveCfg = Debug|Any CPU
		{DADEC29C-7C31-44A1-84AC-4CCA3F14B432}.Debug|x86.Build.0 = Debug|Any CPU
		{DADEC29C-7C31-44A1-84AC-4CCA3F14B432}.Release|Any CPU.ActiveCfg = Release|x64
		{DADEC29C-7C31-44A1-84AC-4CCA3F14B432}.Release|Any CPU.Build.0 = Release|x64
		{DADEC29C-7C31-44A1-84AC-4CCA3F14B432}.Release|x64.ActiveCfg = Release|x64
		{DADEC29C-7C31-44A1-84AC-4CCA3F14B432}.Release|x64.Build.0 = Release|x64
		{DADEC29C-7C31-44A1-84AC-4CCA3F14B432}.Release|x86.ActiveCfg = Release|Any CPU
		{DADEC29C-7C31-44A1-84AC-4CCA3F14B432}.Release|x86.Build.0 = Release|Any CPU
		{A4BBF396-90A7-4EDC-9565-34641567B1C9}.Debug|Any CPU.ActiveCfg = Debug|Any CPU
		{A4BBF396-90A7-4EDC-9565-34641567B1C9}.Debug|Any CPU.Build.0 = Debug|Any CPU
		{A4BBF396-90A7-4EDC-9565-34641567B1C9}.Debug|x64.ActiveCfg = Debug|Any CPU
		{A4BBF396-90A7-4EDC-9565-34641567B1C9}.Debug|x64.Build.0 = Debug|Any CPU
		{A4BBF396-90A7-4EDC-9565-34641567B1C9}.Debug|x86.ActiveCfg = Debug|Any CPU
		{A4BBF396-90A7-4EDC-9565-34641567B1C9}.Debug|x86.Build.0 = Debug|Any CPU
		{A4BBF396-90A7-4EDC-9565-34641567B1C9}.Release|Any CPU.ActiveCfg = Release|Any CPU
		{A4BBF396-90A7-4EDC-9565-34641567B1C9}.Release|Any CPU.Build.0 = Release|Any CPU
		{A4BBF396-90A7-4EDC-9565-34641567B1C9}.Release|x64.ActiveCfg = Release|Any CPU
		{A4BBF396-90A7-4EDC-9565-34641567B1C9}.Release|x64.Build.0 = Release|Any CPU
		{A4BBF396-90A7-4EDC-9565-34641567B1C9}.Release|x86.ActiveCfg = Release|Any CPU
		{A4BBF396-90A7-4EDC-9565-34641567B1C9}.Release|x86.Build.0 = Release|Any CPU
		{10BDBC6D-8475-49D8-AF47-33416E27DA78}.Debug|Any CPU.ActiveCfg = Debug|x64
		{10BDBC6D-8475-49D8-AF47-33416E27DA78}.Debug|Any CPU.Build.0 = Debug|x64
		{10BDBC6D-8475-49D8-AF47-33416E27DA78}.Debug|x64.ActiveCfg = Debug|x64
		{10BDBC6D-8475-49D8-AF47-33416E27DA78}.Debug|x64.Build.0 = Debug|x64
		{10BDBC6D-8475-49D8-AF47-33416E27DA78}.Debug|x86.ActiveCfg = Debug|Any CPU
		{10BDBC6D-8475-49D8-AF47-33416E27DA78}.Debug|x86.Build.0 = Debug|Any CPU
		{10BDBC6D-8475-49D8-AF47-33416E27DA78}.Release|Any CPU.ActiveCfg = Release|x64
		{10BDBC6D-8475-49D8-AF47-33416E27DA78}.Release|Any CPU.Build.0 = Release|x64
		{10BDBC6D-8475-49D8-AF47-33416E27DA78}.Release|x64.ActiveCfg = Release|x64
		{10BDBC6D-8475-49D8-AF47-33416E27DA78}.Release|x64.Build.0 = Release|x64
		{10BDBC6D-8475-49D8-AF47-33416E27DA78}.Release|x86.ActiveCfg = Release|Any CPU
		{10BDBC6D-8475-49D8-AF47-33416E27DA78}.Release|x86.Build.0 = Release|Any CPU
		{4141EF9A-BE42-418B-82CF-EDD6114FADBB}.Debug|Any CPU.ActiveCfg = Debug|Any CPU
		{4141EF9A-BE42-418B-82CF-EDD6114FADBB}.Debug|Any CPU.Build.0 = Debug|Any CPU
		{4141EF9A-BE42-418B-82CF-EDD6114FADBB}.Debug|x64.ActiveCfg = Debug|Any CPU
		{4141EF9A-BE42-418B-82CF-EDD6114FADBB}.Debug|x64.Build.0 = Debug|Any CPU
		{4141EF9A-BE42-418B-82CF-EDD6114FADBB}.Debug|x86.ActiveCfg = Debug|Any CPU
		{4141EF9A-BE42-418B-82CF-EDD6114FADBB}.Debug|x86.Build.0 = Debug|Any CPU
		{4141EF9A-BE42-418B-82CF-EDD6114FADBB}.Release|Any CPU.ActiveCfg = Release|Any CPU
		{4141EF9A-BE42-418B-82CF-EDD6114FADBB}.Release|Any CPU.Build.0 = Release|Any CPU
		{4141EF9A-BE42-418B-82CF-EDD6114FADBB}.Release|x64.ActiveCfg = Release|Any CPU
		{4141EF9A-BE42-418B-82CF-EDD6114FADBB}.Release|x64.Build.0 = Release|Any CPU
		{4141EF9A-BE42-418B-82CF-EDD6114FADBB}.Release|x86.ActiveCfg = Release|Any CPU
		{4141EF9A-BE42-418B-82CF-EDD6114FADBB}.Release|x86.Build.0 = Release|Any CPU
		{63576563-21F1-4665-BD85-B44E85C443A6}.Debug|Any CPU.ActiveCfg = Debug|Any CPU
		{63576563-21F1-4665-BD85-B44E85C443A6}.Debug|Any CPU.Build.0 = Debug|Any CPU
		{63576563-21F1-4665-BD85-B44E85C443A6}.Debug|x64.ActiveCfg = Debug|Any CPU
		{63576563-21F1-4665-BD85-B44E85C443A6}.Debug|x64.Build.0 = Debug|Any CPU
		{63576563-21F1-4665-BD85-B44E85C443A6}.Debug|x86.ActiveCfg = Debug|Any CPU
		{63576563-21F1-4665-BD85-B44E85C443A6}.Debug|x86.Build.0 = Debug|Any CPU
		{63576563-21F1-4665-BD85-B44E85C443A6}.Release|Any CPU.ActiveCfg = Release|Any CPU
		{63576563-21F1-4665-BD85-B44E85C443A6}.Release|Any CPU.Build.0 = Release|Any CPU
		{63576563-21F1-4665-BD85-B44E85C443A6}.Release|x64.ActiveCfg = Release|Any CPU
		{63576563-21F1-4665-BD85-B44E85C443A6}.Release|x64.Build.0 = Release|Any CPU
		{63576563-21F1-4665-BD85-B44E85C443A6}.Release|x86.ActiveCfg = Release|Any CPU
		{63576563-21F1-4665-BD85-B44E85C443A6}.Release|x86.Build.0 = Release|Any CPU
		{F0EAB6EB-C77B-421E-A9EE-D719A9B6C8B4}.Debug|Any CPU.ActiveCfg = Debug|Any CPU
		{F0EAB6EB-C77B-421E-A9EE-D719A9B6C8B4}.Debug|Any CPU.Build.0 = Debug|Any CPU
		{F0EAB6EB-C77B-421E-A9EE-D719A9B6C8B4}.Debug|x64.ActiveCfg = Debug|Any CPU
		{F0EAB6EB-C77B-421E-A9EE-D719A9B6C8B4}.Debug|x64.Build.0 = Debug|Any CPU
		{F0EAB6EB-C77B-421E-A9EE-D719A9B6C8B4}.Debug|x86.ActiveCfg = Debug|Any CPU
		{F0EAB6EB-C77B-421E-A9EE-D719A9B6C8B4}.Debug|x86.Build.0 = Debug|Any CPU
		{F0EAB6EB-C77B-421E-A9EE-D719A9B6C8B4}.Release|Any CPU.ActiveCfg = Release|Any CPU
		{F0EAB6EB-C77B-421E-A9EE-D719A9B6C8B4}.Release|Any CPU.Build.0 = Release|Any CPU
		{F0EAB6EB-C77B-421E-A9EE-D719A9B6C8B4}.Release|x64.ActiveCfg = Release|Any CPU
		{F0EAB6EB-C77B-421E-A9EE-D719A9B6C8B4}.Release|x64.Build.0 = Release|Any CPU
		{F0EAB6EB-C77B-421E-A9EE-D719A9B6C8B4}.Release|x86.ActiveCfg = Release|Any CPU
		{F0EAB6EB-C77B-421E-A9EE-D719A9B6C8B4}.Release|x86.Build.0 = Release|Any CPU
		{5C559B0B-FC0F-4628-B9AE-AF86271AAB82}.Debug|Any CPU.ActiveCfg = Debug|Any CPU
		{5C559B0B-FC0F-4628-B9AE-AF86271AAB82}.Debug|Any CPU.Build.0 = Debug|Any CPU
		{5C559B0B-FC0F-4628-B9AE-AF86271AAB82}.Debug|x64.ActiveCfg = Debug|Any CPU
		{5C559B0B-FC0F-4628-B9AE-AF86271AAB82}.Debug|x64.Build.0 = Debug|Any CPU
		{5C559B0B-FC0F-4628-B9AE-AF86271AAB82}.Debug|x86.ActiveCfg = Debug|Any CPU
		{5C559B0B-FC0F-4628-B9AE-AF86271AAB82}.Debug|x86.Build.0 = Debug|Any CPU
		{5C559B0B-FC0F-4628-B9AE-AF86271AAB82}.Release|Any CPU.ActiveCfg = Release|Any CPU
		{5C559B0B-FC0F-4628-B9AE-AF86271AAB82}.Release|Any CPU.Build.0 = Release|Any CPU
		{5C559B0B-FC0F-4628-B9AE-AF86271AAB82}.Release|x64.ActiveCfg = Release|Any CPU
		{5C559B0B-FC0F-4628-B9AE-AF86271AAB82}.Release|x64.Build.0 = Release|Any CPU
		{5C559B0B-FC0F-4628-B9AE-AF86271AAB82}.Release|x86.ActiveCfg = Release|Any CPU
		{5C559B0B-FC0F-4628-B9AE-AF86271AAB82}.Release|x86.Build.0 = Release|Any CPU
		{E5304607-E4F5-46A3-BC3E-0D211739DA84}.Debug|Any CPU.ActiveCfg = Debug|Any CPU
		{E5304607-E4F5-46A3-BC3E-0D211739DA84}.Debug|Any CPU.Build.0 = Debug|Any CPU
		{E5304607-E4F5-46A3-BC3E-0D211739DA84}.Debug|x64.ActiveCfg = Debug|Any CPU
		{E5304607-E4F5-46A3-BC3E-0D211739DA84}.Debug|x64.Build.0 = Debug|Any CPU
		{E5304607-E4F5-46A3-BC3E-0D211739DA84}.Debug|x86.ActiveCfg = Debug|Any CPU
		{E5304607-E4F5-46A3-BC3E-0D211739DA84}.Debug|x86.Build.0 = Debug|Any CPU
		{E5304607-E4F5-46A3-BC3E-0D211739DA84}.Release|Any CPU.ActiveCfg = Release|Any CPU
		{E5304607-E4F5-46A3-BC3E-0D211739DA84}.Release|Any CPU.Build.0 = Release|Any CPU
		{E5304607-E4F5-46A3-BC3E-0D211739DA84}.Release|x64.ActiveCfg = Release|Any CPU
		{E5304607-E4F5-46A3-BC3E-0D211739DA84}.Release|x64.Build.0 = Release|Any CPU
		{E5304607-E4F5-46A3-BC3E-0D211739DA84}.Release|x86.ActiveCfg = Release|Any CPU
		{E5304607-E4F5-46A3-BC3E-0D211739DA84}.Release|x86.Build.0 = Release|Any CPU
		{23C19243-70FC-46E0-A999-7C6343A5CF65}.Debug|Any CPU.ActiveCfg = Debug|Any CPU
		{23C19243-70FC-46E0-A999-7C6343A5CF65}.Debug|x64.ActiveCfg = Debug|Any CPU
		{23C19243-70FC-46E0-A999-7C6343A5CF65}.Debug|x86.ActiveCfg = Debug|Any CPU
		{23C19243-70FC-46E0-A999-7C6343A5CF65}.Release|Any CPU.ActiveCfg = Release|Any CPU
		{23C19243-70FC-46E0-A999-7C6343A5CF65}.Release|x64.ActiveCfg = Release|Any CPU
		{23C19243-70FC-46E0-A999-7C6343A5CF65}.Release|x86.ActiveCfg = Release|Any CPU
		{45A776B6-4C54-4224-9946-BC0B7DBFD3BD}.Debug|Any CPU.ActiveCfg = Debug|Any CPU
		{45A776B6-4C54-4224-9946-BC0B7DBFD3BD}.Debug|Any CPU.Build.0 = Debug|Any CPU
		{45A776B6-4C54-4224-9946-BC0B7DBFD3BD}.Debug|x64.ActiveCfg = Debug|Any CPU
		{45A776B6-4C54-4224-9946-BC0B7DBFD3BD}.Debug|x64.Build.0 = Debug|Any CPU
		{45A776B6-4C54-4224-9946-BC0B7DBFD3BD}.Debug|x86.ActiveCfg = Debug|Any CPU
		{45A776B6-4C54-4224-9946-BC0B7DBFD3BD}.Debug|x86.Build.0 = Debug|Any CPU
		{45A776B6-4C54-4224-9946-BC0B7DBFD3BD}.Release|Any CPU.ActiveCfg = Release|Any CPU
		{45A776B6-4C54-4224-9946-BC0B7DBFD3BD}.Release|Any CPU.Build.0 = Release|Any CPU
		{45A776B6-4C54-4224-9946-BC0B7DBFD3BD}.Release|x64.ActiveCfg = Release|Any CPU
		{45A776B6-4C54-4224-9946-BC0B7DBFD3BD}.Release|x64.Build.0 = Release|Any CPU
		{45A776B6-4C54-4224-9946-BC0B7DBFD3BD}.Release|x86.ActiveCfg = Release|Any CPU
		{45A776B6-4C54-4224-9946-BC0B7DBFD3BD}.Release|x86.Build.0 = Release|Any CPU
		{8E36CE41-EAC1-46E0-B9BF-15F3312EFBE9}.Debug|Any CPU.ActiveCfg = Debug|Any CPU
		{8E36CE41-EAC1-46E0-B9BF-15F3312EFBE9}.Debug|Any CPU.Build.0 = Debug|Any CPU
		{8E36CE41-EAC1-46E0-B9BF-15F3312EFBE9}.Debug|x64.ActiveCfg = Debug|Any CPU
		{8E36CE41-EAC1-46E0-B9BF-15F3312EFBE9}.Debug|x64.Build.0 = Debug|Any CPU
		{8E36CE41-EAC1-46E0-B9BF-15F3312EFBE9}.Debug|x86.ActiveCfg = Debug|Any CPU
		{8E36CE41-EAC1-46E0-B9BF-15F3312EFBE9}.Debug|x86.Build.0 = Debug|Any CPU
		{8E36CE41-EAC1-46E0-B9BF-15F3312EFBE9}.Release|Any CPU.ActiveCfg = Release|Any CPU
		{8E36CE41-EAC1-46E0-B9BF-15F3312EFBE9}.Release|Any CPU.Build.0 = Release|Any CPU
		{8E36CE41-EAC1-46E0-B9BF-15F3312EFBE9}.Release|x64.ActiveCfg = Release|Any CPU
		{8E36CE41-EAC1-46E0-B9BF-15F3312EFBE9}.Release|x64.Build.0 = Release|Any CPU
		{8E36CE41-EAC1-46E0-B9BF-15F3312EFBE9}.Release|x86.ActiveCfg = Release|Any CPU
		{8E36CE41-EAC1-46E0-B9BF-15F3312EFBE9}.Release|x86.Build.0 = Release|Any CPU
		{A51EA61C-B3BF-49B5-9649-B10BC8CBD85C}.Debug|Any CPU.ActiveCfg = Debug|Any CPU
		{A51EA61C-B3BF-49B5-9649-B10BC8CBD85C}.Debug|Any CPU.Build.0 = Debug|Any CPU
		{A51EA61C-B3BF-49B5-9649-B10BC8CBD85C}.Debug|x64.ActiveCfg = Debug|Any CPU
		{A51EA61C-B3BF-49B5-9649-B10BC8CBD85C}.Debug|x64.Build.0 = Debug|Any CPU
		{A51EA61C-B3BF-49B5-9649-B10BC8CBD85C}.Debug|x86.ActiveCfg = Debug|Any CPU
		{A51EA61C-B3BF-49B5-9649-B10BC8CBD85C}.Debug|x86.Build.0 = Debug|Any CPU
		{A51EA61C-B3BF-49B5-9649-B10BC8CBD85C}.Release|Any CPU.ActiveCfg = Release|Any CPU
		{A51EA61C-B3BF-49B5-9649-B10BC8CBD85C}.Release|Any CPU.Build.0 = Release|Any CPU
		{A51EA61C-B3BF-49B5-9649-B10BC8CBD85C}.Release|x64.ActiveCfg = Release|Any CPU
		{A51EA61C-B3BF-49B5-9649-B10BC8CBD85C}.Release|x64.Build.0 = Release|Any CPU
		{A51EA61C-B3BF-49B5-9649-B10BC8CBD85C}.Release|x86.ActiveCfg = Release|Any CPU
		{A51EA61C-B3BF-49B5-9649-B10BC8CBD85C}.Release|x86.Build.0 = Release|Any CPU
		{252E4A8C-76A7-4498-8995-0E13FA03B92F}.Debug|Any CPU.ActiveCfg = Debug|Any CPU
		{252E4A8C-76A7-4498-8995-0E13FA03B92F}.Debug|Any CPU.Build.0 = Debug|Any CPU
		{252E4A8C-76A7-4498-8995-0E13FA03B92F}.Debug|x64.ActiveCfg = Debug|Any CPU
		{252E4A8C-76A7-4498-8995-0E13FA03B92F}.Debug|x64.Build.0 = Debug|Any CPU
		{252E4A8C-76A7-4498-8995-0E13FA03B92F}.Debug|x86.ActiveCfg = Debug|Any CPU
		{252E4A8C-76A7-4498-8995-0E13FA03B92F}.Debug|x86.Build.0 = Debug|Any CPU
		{252E4A8C-76A7-4498-8995-0E13FA03B92F}.Release|Any CPU.ActiveCfg = Release|Any CPU
		{252E4A8C-76A7-4498-8995-0E13FA03B92F}.Release|Any CPU.Build.0 = Release|Any CPU
		{252E4A8C-76A7-4498-8995-0E13FA03B92F}.Release|x64.ActiveCfg = Release|Any CPU
		{252E4A8C-76A7-4498-8995-0E13FA03B92F}.Release|x64.Build.0 = Release|Any CPU
		{252E4A8C-76A7-4498-8995-0E13FA03B92F}.Release|x86.ActiveCfg = Release|Any CPU
		{252E4A8C-76A7-4498-8995-0E13FA03B92F}.Release|x86.Build.0 = Release|Any CPU
		{4F9D2CFF-2417-4D8E-A9EA-46220BC580F9}.Debug|Any CPU.ActiveCfg = Debug|Any CPU
		{4F9D2CFF-2417-4D8E-A9EA-46220BC580F9}.Debug|Any CPU.Build.0 = Debug|Any CPU
		{4F9D2CFF-2417-4D8E-A9EA-46220BC580F9}.Debug|x64.ActiveCfg = Debug|Any CPU
		{4F9D2CFF-2417-4D8E-A9EA-46220BC580F9}.Debug|x64.Build.0 = Debug|Any CPU
		{4F9D2CFF-2417-4D8E-A9EA-46220BC580F9}.Debug|x86.ActiveCfg = Debug|Any CPU
		{4F9D2CFF-2417-4D8E-A9EA-46220BC580F9}.Debug|x86.Build.0 = Debug|Any CPU
		{4F9D2CFF-2417-4D8E-A9EA-46220BC580F9}.Release|Any CPU.ActiveCfg = Release|Any CPU
		{4F9D2CFF-2417-4D8E-A9EA-46220BC580F9}.Release|Any CPU.Build.0 = Release|Any CPU
		{4F9D2CFF-2417-4D8E-A9EA-46220BC580F9}.Release|x64.ActiveCfg = Release|Any CPU
		{4F9D2CFF-2417-4D8E-A9EA-46220BC580F9}.Release|x64.Build.0 = Release|Any CPU
		{4F9D2CFF-2417-4D8E-A9EA-46220BC580F9}.Release|x86.ActiveCfg = Release|Any CPU
		{4F9D2CFF-2417-4D8E-A9EA-46220BC580F9}.Release|x86.Build.0 = Release|Any CPU
		{92C33B2A-2FB3-464D-ADB3-599E42BA5A39}.Debug|Any CPU.ActiveCfg = Debug|Any CPU
		{92C33B2A-2FB3-464D-ADB3-599E42BA5A39}.Debug|Any CPU.Build.0 = Debug|Any CPU
		{92C33B2A-2FB3-464D-ADB3-599E42BA5A39}.Debug|x64.ActiveCfg = Debug|Any CPU
		{92C33B2A-2FB3-464D-ADB3-599E42BA5A39}.Debug|x64.Build.0 = Debug|Any CPU
		{92C33B2A-2FB3-464D-ADB3-599E42BA5A39}.Debug|x86.ActiveCfg = Debug|Any CPU
		{92C33B2A-2FB3-464D-ADB3-599E42BA5A39}.Debug|x86.Build.0 = Debug|Any CPU
		{92C33B2A-2FB3-464D-ADB3-599E42BA5A39}.Release|Any CPU.ActiveCfg = Release|Any CPU
		{92C33B2A-2FB3-464D-ADB3-599E42BA5A39}.Release|Any CPU.Build.0 = Release|Any CPU
		{92C33B2A-2FB3-464D-ADB3-599E42BA5A39}.Release|x64.ActiveCfg = Release|Any CPU
		{92C33B2A-2FB3-464D-ADB3-599E42BA5A39}.Release|x64.Build.0 = Release|Any CPU
		{92C33B2A-2FB3-464D-ADB3-599E42BA5A39}.Release|x86.ActiveCfg = Release|Any CPU
		{92C33B2A-2FB3-464D-ADB3-599E42BA5A39}.Release|x86.Build.0 = Release|Any CPU
		{65ABFE0D-7216-4D17-AA77-F138D9DB6A83}.Debug|Any CPU.ActiveCfg = Debug|Any CPU
		{65ABFE0D-7216-4D17-AA77-F138D9DB6A83}.Debug|Any CPU.Build.0 = Debug|Any CPU
		{65ABFE0D-7216-4D17-AA77-F138D9DB6A83}.Debug|x64.ActiveCfg = Debug|Any CPU
		{65ABFE0D-7216-4D17-AA77-F138D9DB6A83}.Debug|x64.Build.0 = Debug|Any CPU
		{65ABFE0D-7216-4D17-AA77-F138D9DB6A83}.Debug|x86.ActiveCfg = Debug|Any CPU
		{65ABFE0D-7216-4D17-AA77-F138D9DB6A83}.Debug|x86.Build.0 = Debug|Any CPU
		{65ABFE0D-7216-4D17-AA77-F138D9DB6A83}.Release|Any CPU.ActiveCfg = Release|Any CPU
		{65ABFE0D-7216-4D17-AA77-F138D9DB6A83}.Release|Any CPU.Build.0 = Release|Any CPU
		{65ABFE0D-7216-4D17-AA77-F138D9DB6A83}.Release|x64.ActiveCfg = Release|Any CPU
		{65ABFE0D-7216-4D17-AA77-F138D9DB6A83}.Release|x64.Build.0 = Release|Any CPU
		{65ABFE0D-7216-4D17-AA77-F138D9DB6A83}.Release|x86.ActiveCfg = Release|Any CPU
		{65ABFE0D-7216-4D17-AA77-F138D9DB6A83}.Release|x86.Build.0 = Release|Any CPU
		{06DE2CB0-0971-4BDC-825F-C3BD87B7E3E2}.Debug|Any CPU.ActiveCfg = Debug|Any CPU
		{06DE2CB0-0971-4BDC-825F-C3BD87B7E3E2}.Debug|Any CPU.Build.0 = Debug|Any CPU
		{06DE2CB0-0971-4BDC-825F-C3BD87B7E3E2}.Debug|x64.ActiveCfg = Debug|Any CPU
		{06DE2CB0-0971-4BDC-825F-C3BD87B7E3E2}.Debug|x64.Build.0 = Debug|Any CPU
		{06DE2CB0-0971-4BDC-825F-C3BD87B7E3E2}.Debug|x86.ActiveCfg = Debug|Any CPU
		{06DE2CB0-0971-4BDC-825F-C3BD87B7E3E2}.Debug|x86.Build.0 = Debug|Any CPU
		{06DE2CB0-0971-4BDC-825F-C3BD87B7E3E2}.Release|Any CPU.ActiveCfg = Release|Any CPU
		{06DE2CB0-0971-4BDC-825F-C3BD87B7E3E2}.Release|Any CPU.Build.0 = Release|Any CPU
		{06DE2CB0-0971-4BDC-825F-C3BD87B7E3E2}.Release|x64.ActiveCfg = Release|Any CPU
		{06DE2CB0-0971-4BDC-825F-C3BD87B7E3E2}.Release|x64.Build.0 = Release|Any CPU
		{06DE2CB0-0971-4BDC-825F-C3BD87B7E3E2}.Release|x86.ActiveCfg = Release|Any CPU
		{06DE2CB0-0971-4BDC-825F-C3BD87B7E3E2}.Release|x86.Build.0 = Release|Any CPU
	EndGlobalSection
	GlobalSection(SolutionProperties) = preSolution
		HideSolutionNode = FALSE
	EndGlobalSection
	GlobalSection(NestedProjects) = preSolution
		{AB762478-FE63-49D6-90D0-9DE803ED2CA9} = {0E5E249A-34B4-42CE-9CEB-0ACD11CD86C7}
		{F6A7B8C9-D0E1-2345-ABCD-456789012345} = {0E5E249A-34B4-42CE-9CEB-0ACD11CD86C7}
		{C4E8B715-041E-4AF3-942E-5C7C6B6CA6AE} = {0E5E249A-34B4-42CE-9CEB-0ACD11CD86C7}
		{16D51EA6-9A2E-5B53-FF49-67CB64C6DFD5} = {B55039E8-79C1-4F5B-898D-93B20396FFF3}
		{F0EAB6EB-C77B-421E-A9EE-D719A9B6C8B4} = {16D51EA6-9A2E-5B53-FF49-67CB64C6DFD5}
		{5C559B0B-FC0F-4628-B9AE-AF86271AAB82} = {F883AD26-E2D9-0064-49F2-B333EF800629}
		{B7415190-5172-1A05-6832-7AC36E057E5E} = {8EB8249B-4D95-475C-B4E0-0E364C8A6F20}
		{E5304607-E4F5-46A3-BC3E-0D211739DA84} = {B7415190-5172-1A05-6832-7AC36E057E5E}
		{23C19243-70FC-46E0-A999-7C6343A5CF65} = {8EB8249B-4D95-475C-B4E0-0E364C8A6F20}
		{45A776B6-4C54-4224-9946-BC0B7DBFD3BD} = {8EB8249B-4D95-475C-B4E0-0E364C8A6F20}
		{1882AB8A-EC23-90D8-3D5D-56B40300D8B3} = {F1A2B3C4-D5E6-7890-ABCD-112233445566}
		{41E55200-6A3E-2DBB-1477-F9C8F1DAF576} = {F1A2B3C4-D5E6-7890-ABCD-112233445566}
		{8E36CE41-EAC1-46E0-B9BF-15F3312EFBE9} = {8EB8249B-4D95-475C-B4E0-0E364C8A6F20}
		{C453CC6E-8A8A-9328-81A6-246CA115A91F} = {8EB8249B-4D95-475C-B4E0-0E364C8A6F20}
		{A51EA61C-B3BF-49B5-9649-B10BC8CBD85C} = {C453CC6E-8A8A-9328-81A6-246CA115A91F}
		{0CDB2642-046B-D154-E1EA-B4548FBED5B1} = {B55039E8-79C1-4F5B-898D-93B20396FFF3}
		{252E4A8C-76A7-4498-8995-0E13FA03B92F} = {0CDB2642-046B-D154-E1EA-B4548FBED5B1}
		{2488C281-22CE-BDA3-44E3-39FA7095041A} = {8EB8249B-4D95-475C-B4E0-0E364C8A6F20}
		{4F9D2CFF-2417-4D8E-A9EA-46220BC580F9} = {B55039E8-79C1-4F5B-898D-93B20396FFF3}
		{4CAFA25D-D048-FD66-4207-B536DBC1B7E3} = {B55039E8-79C1-4F5B-898D-93B20396FFF3}
		{92C33B2A-2FB3-464D-ADB3-599E42BA5A39} = {4CAFA25D-D048-FD66-4207-B536DBC1B7E3}
		{652308C2-D44C-3B7B-8C86-38D7B394FFB2} = {B55039E8-79C1-4F5B-898D-93B20396FFF3}
		{65ABFE0D-7216-4D17-AA77-F138D9DB6A83} = {652308C2-D44C-3B7B-8C86-38D7B394FFB2}
		{67303AF3-BAFF-0F13-EDFF-10A2FAC0E9F9} = {B55039E8-79C1-4F5B-898D-93B20396FFF3}
		{06DE2CB0-0971-4BDC-825F-C3BD87B7E3E2} = {67303AF3-BAFF-0F13-EDFF-10A2FAC0E9F9}
	EndGlobalSection
EndGlobal
